schema: '2.0'
stages:
  train_model:
    cmd: python3 train_model.py
    deps:
    - path: data/census_nospace.csv
      md5: 12c208530a5680c15ae19b34152286dd
      size: 3518606
    - path: train_model.py
      md5: e7cf22553666b17da40bd530a97f9d06
      size: 1409
    outs:
    - path: model
      md5: fe4737fb2dc9f12c8a28ddd3c6815022
      size: 42372926
    - path: model_enc
      md5: a553f204feb7d25cff7013915fd7ce8a
      size: 3898
    - path: model_lb
      md5: 68d67643c2f11e180eaa335146ade2ea
      size: 403
